
Microsoft Visual Studio Solution File, Format Version 12.00
# Visual Studio Version 17
VisualStudioVersion = 17.5.33424.131
MinimumVisualStudioVersion = 10.0.40219.1
Project("{8BC9CEB8-8B4A-11D0-8D11-00A0C91BC942}") = "Sandbox_1", "Sandbox_1\Sandbox_1.vcxproj", "{B761659F-ADFA-4F9D-8325-88C551E9FC76}"
EndProject
Project("{8BC9CEB8-8B4A-11D0-8D11-00A0C91BC942}") = "Sandbox_2", "Sandbox_2\Sandbox_2.vcxproj", "{C0F731A2-C0F6-436B-9F54-FE87C7A54832}"
EndProject
Global
	GlobalSection(SolutionConfigurationPlatforms) = preSolution
		Debug|x64 = Debug|x64
		Debug|x86 = Debug|x86
		Release|x64 = Release|x64
		Release|x86 = Release|x86
	EndGlobalSection
	GlobalSection(ProjectConfigurationPlatforms) = postSolution
		{B761659F-ADFA-4F9D-8325-88C551E9FC76}.Debug|x64.ActiveCfg = Debug|x64
		{B761659F-ADFA-4F9D-8325-88C551E9FC76}.Debug|x64.Build.0 = Debug|x64
		{B761659F-ADFA-4F9D-8325-88C551E9FC76}.Debug|x86.ActiveCfg = Debug|Win32
		{B761659F-ADFA-4F9D-8325-88C551E9FC76}.Debug|x86.Build.0 = Debug|Win32
		{B761659F-ADFA-4F9D-8325-88C551E9FC76}.Release|x64.ActiveCfg = Release|x64
		{B761659F-ADFA-4F9D-8325-88C551E9FC76}.Release|x64.Build.0 = Release|x64
		{B761659F-ADFA-4F9D-8325-88C551E9FC76}.Release|x86.ActiveCfg = Release|Win32
		{B761659F-ADFA-4F9D-8325-88C551E9FC76}.Release|x86.Build.0 = Release|Win32
		{C0F731A2-C0F6-436B-9F54-FE87C7A54832}.Debug|x64.ActiveCfg = Debug|x64
		{C0F731A2-C0F6-436B-9F54-FE87C7A54832}.Debug|x64.Build.0 = Debug|x64
		{C0F731A2-C0F6-436B-9F54-FE87C7A54832}.Debug|x86.ActiveCfg = Debug|Win32
		{C0F731A2-C0F6-436B-9F54-FE87C7A54832}.Debug|x86.Build.0 = Debug|Win32
		{C0F731A2-C0F6-436B-9F54-FE87C7A54832}.Release|x64.ActiveCfg = Release|x64
		{C0F731A2-C0F6-436B-9F54-FE87C7A54832}.Release|x64.Build.0 = Release|x64
		{C0F731A2-C0F6-436B-9F54-FE87C7A54832}.Release|x86.ActiveCfg = Release|Win32
		{C0F731A2-C0F6-436B-9F54-FE87C7A54832}.Release|x86.Build.0 = Release|Win32
	EndGlobalSection
	GlobalSection(SolutionProperties) = preSolution
		HideSolutionNode = FALSE
	EndGlobalSection
	GlobalSection(ExtensibilityGlobals) = postSolution
		SolutionGuid = {1368122E-6EEC-4584-955E-AC0B4C61B39C}
	EndGlobalSection
EndGlobal
